// !$*UTF8*$!
{
	archiveVersion = 1;
	classes = {
	};
	objectVersion = 55;
	objects = {

/* Begin PBXBuildFile section */
		BD2F51F12899A40400ED26B7 /* globalVariables.swift in Sources */ = {isa = PBXBuildFile; fileRef = BD2F51F02899A40400ED26B7 /* globalVariables.swift */; };
		BD46E0C9289824E500D04B12 /* AppDelegate.swift in Sources */ = {isa = PBXBuildFile; fileRef = BD46E0C8289824E500D04B12 /* AppDelegate.swift */; };
		BD46E0CB289824E500D04B12 /* SceneDelegate.swift in Sources */ = {isa = PBXBuildFile; fileRef = BD46E0CA289824E500D04B12 /* SceneDelegate.swift */; };
		BD46E0CD289824E500D04B12 /* ViewController.swift in Sources */ = {isa = PBXBuildFile; fileRef = BD46E0CC289824E500D04B12 /* ViewController.swift */; };
		BD46E0D0289824E500D04B12 /* Main.storyboard in Resources */ = {isa = PBXBuildFile; fileRef = BD46E0CE289824E500D04B12 /* Main.storyboard */; };
		BD46E0D3289824E500D04B12 /* MissionEarth1.xcdatamodeld in Sources */ = {isa = PBXBuildFile; fileRef = BD46E0D1289824E500D04B12 /* MissionEarth1.xcdatamodeld */; };
		BD46E0D5289824E900D04B12 /* Assets.xcassets in Resources */ = {isa = PBXBuildFile; fileRef = BD46E0D4289824E900D04B12 /* Assets.xcassets */; };
		BD46E0D8289824E900D04B12 /* LaunchScreen.storyboard in Resources */ = {isa = PBXBuildFile; fileRef = BD46E0D6289824E900D04B12 /* LaunchScreen.storyboard */; };
		BD46E0E3289824E900D04B12 /* MissionEarth1Tests.swift in Sources */ = {isa = PBXBuildFile; fileRef = BD46E0E2289824E900D04B12 /* MissionEarth1Tests.swift */; };
		BD46E0ED289824E900D04B12 /* MissionEarth1UITests.swift in Sources */ = {isa = PBXBuildFile; fileRef = BD46E0EC289824E900D04B12 /* MissionEarth1UITests.swift */; };
		BD46E0EF289824E900D04B12 /* MissionEarth1UITestsLaunchTests.swift in Sources */ = {isa = PBXBuildFile; fileRef = BD46E0EE289824E900D04B12 /* MissionEarth1UITestsLaunchTests.swift */; };
		BD7EF6442899905F00CEEE18 /* ViewControllerMissions.swift in Sources */ = {isa = PBXBuildFile; fileRef = BD7EF6432899905F00CEEE18 /* ViewControllerMissions.swift */; };
		BD7EF6462899908100CEEE18 /* ViewControllerMission1.swift in Sources */ = {isa = PBXBuildFile; fileRef = BD7EF6452899908100CEEE18 /* ViewControllerMission1.swift */; };
		BD7EF6482899909A00CEEE18 /* ViewControllerMission2.swift in Sources */ = {isa = PBXBuildFile; fileRef = BD7EF6472899909A00CEEE18 /* ViewControllerMission2.swift */; };
		BD7EF64A289990AF00CEEE18 /* ViewControllerMission3.swift in Sources */ = {isa = PBXBuildFile; fileRef = BD7EF649289990AF00CEEE18 /* ViewControllerMission3.swift */; };
/* End PBXBuildFile section */

/* Begin PBXContainerItemProxy section */
		BD46E0DF289824E900D04B12 /* PBXContainerItemProxy */ = {
			isa = PBXContainerItemProxy;
			containerPortal = BD46E0BD289824E500D04B12 /* Project object */;
			proxyType = 1;
			remoteGlobalIDString = BD46E0C4289824E500D04B12;
			remoteInfo = MissionEarth1;
		};
		BD46E0E9289824E900D04B12 /* PBXContainerItemProxy */ = {
			isa = PBXContainerItemProxy;
			containerPortal = BD46E0BD289824E500D04B12 /* Project object */;
			proxyType = 1;
			remoteGlobalIDString = BD46E0C4289824E500D04B12;
			remoteInfo = MissionEarth1;
		};
/* End PBXContainerItemProxy section */

/* Begin PBXFileReference section */
		BD2F51F02899A40400ED26B7 /* globalVariables.swift */ = {isa = PBXFileReference; lastKnownFileType = sourcecode.swift; path = globalVariables.swift; sourceTree = "<group>"; };
		BD46E0C5289824E500D04B12 /* MissionEarth1.app */ = {isa = PBXFileReference; explicitFileType = wrapper.application; includeInIndex = 0; path = MissionEarth1.app; sourceTree = BUILT_PRODUCTS_DIR; };
		BD46E0C8289824E500D04B12 /* AppDelegate.swift */ = {isa = PBXFileReference; lastKnownFileType = sourcecode.swift; path = AppDelegate.swift; sourceTree = "<group>"; };
		BD46E0CA289824E500D04B12 /* SceneDelegate.swift */ = {isa = PBXFileReference; lastKnownFileType = sourcecode.swift; path = SceneDelegate.swift; sourceTree = "<group>"; };
		BD46E0CC289824E500D04B12 /* ViewController.swift */ = {isa = PBXFileReference; lastKnownFileType = sourcecode.swift; path = ViewController.swift; sourceTree = "<group>"; };
		BD46E0CF289824E500D04B12 /* Base */ = {isa = PBXFileReference; lastKnownFileType = file.storyboard; name = Base; path = Base.lproj/Main.storyboard; sourceTree = "<group>"; };
		BD46E0D2289824E500D04B12 /* MissionEarth1.xcdatamodel */ = {isa = PBXFileReference; lastKnownFileType = wrapper.xcdatamodel; path = MissionEarth1.xcdatamodel; sourceTree = "<group>"; };
		BD46E0D4289824E900D04B12 /* Assets.xcassets */ = {isa = PBXFileReference; lastKnownFileType = folder.assetcatalog; path = Assets.xcassets; sourceTree = "<group>"; };
		BD46E0D7289824E900D04B12 /* Base */ = {isa = PBXFileReference; lastKnownFileType = file.storyboard; name = Base; path = Base.lproj/LaunchScreen.storyboard; sourceTree = "<group>"; };
		BD46E0D9289824E900D04B12 /* Info.plist */ = {isa = PBXFileReference; lastKnownFileType = text.plist.xml; path = Info.plist; sourceTree = "<group>"; };
		BD46E0DE289824E900D04B12 /* MissionEarth1Tests.xctest */ = {isa = PBXFileReference; explicitFileType = wrapper.cfbundle; includeInIndex = 0; path = MissionEarth1Tests.xctest; sourceTree = BUILT_PRODUCTS_DIR; };
		BD46E0E2289824E900D04B12 /* MissionEarth1Tests.swift */ = {isa = PBXFileReference; lastKnownFileType = sourcecode.swift; path = MissionEarth1Tests.swift; sourceTree = "<group>"; };
		BD46E0E8289824E900D04B12 /* MissionEarth1UITests.xctest */ = {isa = PBXFileReference; explicitFileType = wrapper.cfbundle; includeInIndex = 0; path = MissionEarth1UITests.xctest; sourceTree = BUILT_PRODUCTS_DIR; };
		BD46E0EC289824E900D04B12 /* MissionEarth1UITests.swift */ = {isa = PBXFileReference; lastKnownFileType = sourcecode.swift; path = MissionEarth1UITests.swift; sourceTree = "<group>"; };
		BD46E0EE289824E900D04B12 /* MissionEarth1UITestsLaunchTests.swift */ = {isa = PBXFileReference; lastKnownFileType = sourcecode.swift; path = MissionEarth1UITestsLaunchTests.swift; sourceTree = "<group>"; };
		BD7EF6432899905F00CEEE18 /* ViewControllerMissions.swift */ = {isa = PBXFileReference; lastKnownFileType = sourcecode.swift; path = ViewControllerMissions.swift; sourceTree = "<group>"; };
		BD7EF6452899908100CEEE18 /* ViewControllerMission1.swift */ = {isa = PBXFileReference; lastKnownFileType = sourcecode.swift; path = ViewControllerMission1.swift; sourceTree = "<group>"; };
		BD7EF6472899909A00CEEE18 /* ViewControllerMission2.swift */ = {isa = PBXFileReference; lastKnownFileType = sourcecode.swift; path = ViewControllerMission2.swift; sourceTree = "<group>"; };
		BD7EF649289990AF00CEEE18 /* ViewControllerMission3.swift */ = {isa = PBXFileReference; lastKnownFileType = sourcecode.swift; path = ViewControllerMission3.swift; sourceTree = "<group>"; };
/* End PBXFileReference section */

/* Begin PBXFrameworksBuildPhase section */
		BD46E0C2289824E500D04B12 /* Frameworks */ = {
			isa = PBXFrameworksBuildPhase;
			buildActionMask = 2147483647;
			files = (
			);
			runOnlyForDeploymentPostprocessing = 0;
		};
		BD46E0DB289824E900D04B12 /* Frameworks */ = {
			isa = PBXFrameworksBuildPhase;
			buildActionMask = 2147483647;
			files = (
			);
			runOnlyForDeploymentPostprocessing = 0;
		};
		BD46E0E5289824E900D04B12 /* Frameworks */ = {
			isa = PBXFrameworksBuildPhase;
			buildActionMask = 2147483647;
			files = (
			);
			runOnlyForDeploymentPostprocessing = 0;
		};
/* End PBXFrameworksBuildPhase section */

/* Begin PBXGroup section */
		BD46E0BC289824E500D04B12 = {
			isa = PBXGroup;
			children = (
				BD46E0C7289824E500D04B12 /* MissionEarth1 */,
				BD46E0E1289824E900D04B12 /* MissionEarth1Tests */,
				BD46E0EB289824E900D04B12 /* MissionEarth1UITests */,
				BD46E0C6289824E500D04B12 /* Products */,
			);
			sourceTree = "<group>";
		};
		BD46E0C6289824E500D04B12 /* Products */ = {
			isa = PBXGroup;
			children = (
				BD46E0C5289824E500D04B12 /* MissionEarth1.app */,
				BD46E0DE289824E900D04B12 /* MissionEarth1Tests.xctest */,
				BD46E0E8289824E900D04B12 /* MissionEarth1UITests.xctest */,
			);
			name = Products;
			sourceTree = "<group>";
		};
		BD46E0C7289824E500D04B12 /* MissionEarth1 */ = {
			isa = PBXGroup;
			children = (
				BD46E0C8289824E500D04B12 /* AppDelegate.swift */,
				BD46E0CA289824E500D04B12 /* SceneDelegate.swift */,
				BD46E0CC289824E500D04B12 /* ViewController.swift */,
				BD46E0CE289824E500D04B12 /* Main.storyboard */,
				BD7EF6452899908100CEEE18 /* ViewControllerMission1.swift */,
				BD7EF6472899909A00CEEE18 /* ViewControllerMission2.swift */,
				BD7EF649289990AF00CEEE18 /* ViewControllerMission3.swift */,
				BD7EF6432899905F00CEEE18 /* ViewControllerMissions.swift */,
				BD2F51F02899A40400ED26B7 /* globalVariables.swift */,
				BD46E0D4289824E900D04B12 /* Assets.xcassets */,
				BD46E0D6289824E900D04B12 /* LaunchScreen.storyboard */,
				BD46E0D9289824E900D04B12 /* Info.plist */,
				BD46E0D1289824E500D04B12 /* MissionEarth1.xcdatamodeld */,
			);
			path = MissionEarth1;
			sourceTree = "<group>";
		};
		BD46E0E1289824E900D04B12 /* MissionEarth1Tests */ = {
			isa = PBXGroup;
			children = (
				BD46E0E2289824E900D04B12 /* MissionEarth1Tests.swift */,
			);
			path = MissionEarth1Tests;
			sourceTree = "<group>";
		};
		BD46E0EB289824E900D04B12 /* MissionEarth1UITests */ = {
			isa = PBXGroup;
			children = (
				BD46E0EC289824E900D04B12 /* MissionEarth1UITests.swift */,
				BD46E0EE289824E900D04B12 /* MissionEarth1UITestsLaunchTests.swift */,
			);
			path = MissionEarth1UITests;
			sourceTree = "<group>";
		};
/* End PBXGroup section */

/* Begin PBXNativeTarget section */
		BD46E0C4289824E500D04B12 /* MissionEarth1 */ = {
			isa = PBXNativeTarget;
			buildConfigurationList = BD46E0F2289824E900D04B12 /* Build configuration list for PBXNativeTarget "MissionEarth1" */;
			buildPhases = (
				BD46E0C1289824E500D04B12 /* Sources */,
				BD46E0C2289824E500D04B12 /* Frameworks */,
				BD46E0C3289824E500D04B12 /* Resources */,
			);
			buildRules = (
			);
			dependencies = (
			);
			name = MissionEarth1;
			productName = MissionEarth1;
			productReference = BD46E0C5289824E500D04B12 /* MissionEarth1.app */;
			productType = "com.apple.product-type.application";
		};
		BD46E0DD289824E900D04B12 /* MissionEarth1Tests */ = {
			isa = PBXNativeTarget;
			buildConfigurationList = BD46E0F5289824E900D04B12 /* Build configuration list for PBXNativeTarget "MissionEarth1Tests" */;
			buildPhases = (
				BD46E0DA289824E900D04B12 /* Sources */,
				BD46E0DB289824E900D04B12 /* Frameworks */,
				BD46E0DC289824E900D04B12 /* Resources */,
			);
			buildRules = (
			);
			dependencies = (
				BD46E0E0289824E900D04B12 /* PBXTargetDependency */,
			);
			name = MissionEarth1Tests;
			productName = MissionEarth1Tests;
			productReference = BD46E0DE289824E900D04B12 /* MissionEarth1Tests.xctest */;
			productType = "com.apple.product-type.bundle.unit-test";
		};
		BD46E0E7289824E900D04B12 /* MissionEarth1UITests */ = {
			isa = PBXNativeTarget;
			buildConfigurationList = BD46E0F8289824E900D04B12 /* Build configuration list for PBXNativeTarget "MissionEarth1UITests" */;
			buildPhases = (
				BD46E0E4289824E900D04B12 /* Sources */,
				BD46E0E5289824E900D04B12 /* Frameworks */,
				BD46E0E6289824E900D04B12 /* Resources */,
			);
			buildRules = (
			);
			dependencies = (
				BD46E0EA289824E900D04B12 /* PBXTargetDependency */,
			);
			name = MissionEarth1UITests;
			productName = MissionEarth1UITests;
			productReference = BD46E0E8289824E900D04B12 /* MissionEarth1UITests.xctest */;
			productType = "com.apple.product-type.bundle.ui-testing";
		};
/* End PBXNativeTarget section */

/* Begin PBXProject section */
		BD46E0BD289824E500D04B12 /* Project object */ = {
			isa = PBXProject;
			attributes = {
				BuildIndependentTargetsInParallel = 1;
				LastSwiftUpdateCheck = 1340;
				LastUpgradeCheck = 1340;
				TargetAttributes = {
					BD46E0C4289824E500D04B12 = {
						CreatedOnToolsVersion = 13.4.1;
					};
					BD46E0DD289824E900D04B12 = {
						CreatedOnToolsVersion = 13.4.1;
						TestTargetID = BD46E0C4289824E500D04B12;
					};
					BD46E0E7289824E900D04B12 = {
						CreatedOnToolsVersion = 13.4.1;
						TestTargetID = BD46E0C4289824E500D04B12;
					};
				};
			};
			buildConfigurationList = BD46E0C0289824E500D04B12 /* Build configuration list for PBXProject "MissionEarth1" */;
			compatibilityVersion = "Xcode 13.0";
			developmentRegion = en;
			hasScannedForEncodings = 0;
			knownRegions = (
				en,
				Base,
			);
			mainGroup = BD46E0BC289824E500D04B12;
			productRefGroup = BD46E0C6289824E500D04B12 /* Products */;
			projectDirPath = "";
			projectRoot = "";
			targets = (
				BD46E0C4289824E500D04B12 /* MissionEarth1 */,
				BD46E0DD289824E900D04B12 /* MissionEarth1Tests */,
				BD46E0E7289824E900D04B12 /* MissionEarth1UITests */,
			);
		};
/* End PBXProject section */

/* Begin PBXResourcesBuildPhase section */
		BD46E0C3289824E500D04B12 /* Resources */ = {
			isa = PBXResourcesBuildPhase;
			buildActionMask = 2147483647;
			files = (
				BD46E0D8289824E900D04B12 /* LaunchScreen.storyboard in Resources */,
				BD46E0D5289824E900D04B12 /* Assets.xcassets in Resources */,
				BD46E0D0289824E500D04B12 /* Main.storyboard in Resources */,
			);
			runOnlyForDeploymentPostprocessing = 0;
		};
		BD46E0DC289824E900D04B12 /* Resources */ = {
			isa = PBXResourcesBuildPhase;
			buildActionMask = 2147483647;
			files = (
			);
			runOnlyForDeploymentPostprocessing = 0;
		};
		BD46E0E6289824E900D04B12 /* Resources */ = {
			isa = PBXResourcesBuildPhase;
			buildActionMask = 2147483647;
			files = (
			);
			runOnlyForDeploymentPostprocessing = 0;
		};
/* End PBXResourcesBuildPhase section */

/* Begin PBXSourcesBuildPhase section */
		BD46E0C1289824E500D04B12 /* Sources */ = {
			isa = PBXSourcesBuildPhase;
			buildActionMask = 2147483647;
			files = (
				BD46E0CD289824E500D04B12 /* ViewController.swift in Sources */,
				BD7EF6442899905F00CEEE18 /* ViewControllerMissions.swift in Sources */,
				BD46E0D3289824E500D04B12 /* MissionEarth1.xcdatamodeld in Sources */,
				BD2F51F12899A40400ED26B7 /* globalVariables.swift in Sources */,
				BD7EF64A289990AF00CEEE18 /* ViewControllerMission3.swift in Sources */,
				BD7EF6462899908100CEEE18 /* ViewControllerMission1.swift in Sources */,
				BD46E0C9289824E500D04B12 /* AppDelegate.swift in Sources */,
				BD46E0CB289824E500D04B12 /* SceneDelegate.swift in Sources */,
				BD7EF6482899909A00CEEE18 /* ViewControllerMission2.swift in Sources */,
			);
			runOnlyForDeploymentPostprocessing = 0;
		};
		BD46E0DA289824E900D04B12 /* Sources */ = {
			isa = PBXSourcesBuildPhase;
			buildActionMask = 2147483647;
			files = (
				BD46E0E3289824E900D04B12 /* MissionEarth1Tests.swift in Sources */,
			);
			runOnlyForDeploymentPostprocessing = 0;
		};
		BD46E0E4289824E900D04B12 /* Sources */ = {
			isa = PBXSourcesBuildPhase;
			buildActionMask = 2147483647;
			files = (
				BD46E0EF289824E900D04B12 /* MissionEarth1UITestsLaunchTests.swift in Sources */,
				BD46E0ED289824E900D04B12 /* MissionEarth1UITests.swift in Sources */,
			);
			runOnlyForDeploymentPostprocessing = 0;
		};
/* End PBXSourcesBuildPhase section */

/* Begin PBXTargetDependency section */
		BD46E0E0289824E900D04B12 /* PBXTargetDependency */ = {
			isa = PBXTargetDependency;
			target = BD46E0C4289824E500D04B12 /* MissionEarth1 */;
			targetProxy = BD46E0DF289824E900D04B12 /* PBXContainerItemProxy */;
		};
		BD46E0EA289824E900D04B12 /* PBXTargetDependency */ = {
			isa = PBXTargetDependency;
			target = BD46E0C4289824E500D04B12 /* MissionEarth1 */;
			targetProxy = BD46E0E9289824E900D04B12 /* PBXContainerItemProxy */;
		};
/* End PBXTargetDependency section */

/* Begin PBXVariantGroup section */
		BD46E0CE289824E500D04B12 /* Main.storyboard */ = {
			isa = PBXVariantGroup;
			children = (
				BD46E0CF289824E500D04B12 /* Base */,
			);
			name = Main.storyboard;
			sourceTree = "<group>";
		};
		BD46E0D6289824E900D04B12 /* LaunchScreen.storyboard */ = {
			isa = PBXVariantGroup;
			children = (
				BD46E0D7289824E900D04B12 /* Base */,
			);
			name = LaunchScreen.storyboard;
			sourceTree = "<group>";
		};
/* End PBXVariantGroup section */

/* Begin XCBuildConfiguration section */
		BD46E0F0289824E900D04B12 /* Debug */ = {
			isa = XCBuildConfiguration;
			buildSettings = {
				ALWAYS_SEARCH_USER_PATHS = NO;
				CLANG_ANALYZER_NONNULL = YES;
				CLANG_ANALYZER_NUMBER_OBJECT_CONVERSION = YES_AGGRESSIVE;
				CLANG_CXX_LANGUAGE_STANDARD = "gnu++17";
				CLANG_ENABLE_MODULES = YES;
				CLANG_ENABLE_OBJC_ARC = YES;
				CLANG_ENABLE_OBJC_WEAK = YES;
				CLANG_WARN_BLOCK_CAPTURE_AUTORELEASING = YES;
				CLANG_WARN_BOOL_CONVERSION = YES;
				CLANG_WARN_COMMA = YES;
				CLANG_WARN_CONSTANT_CONVERSION = YES;
				CLANG_WARN_DEPRECATED_OBJC_IMPLEMENTATIONS = YES;
				CLANG_WARN_DIRECT_OBJC_ISA_USAGE = YES_ERROR;
				CLANG_WARN_DOCUMENTATION_COMMENTS = YES;
				CLANG_WARN_EMPTY_BODY = YES;
				CLANG_WARN_ENUM_CONVERSION = YES;
				CLANG_WARN_INFINITE_RECURSION = YES;
				CLANG_WARN_INT_CONVERSION = YES;
				CLANG_WARN_NON_LITERAL_NULL_CONVERSION = YES;
				CLANG_WARN_OBJC_IMPLICIT_RETAIN_SELF = YES;
				CLANG_WARN_OBJC_LITERAL_CONVERSION = YES;
				CLANG_WARN_OBJC_ROOT_CLASS = YES_ERROR;
				CLANG_WARN_QUOTED_INCLUDE_IN_FRAMEWORK_HEADER = YES;
				CLANG_WARN_RANGE_LOOP_ANALYSIS = YES;
				CLANG_WARN_STRICT_PROTOTYPES = YES;
				CLANG_WARN_SUSPICIOUS_MOVE = YES;
				CLANG_WARN_UNGUARDED_AVAILABILITY = YES_AGGRESSIVE;
				CLANG_WARN_UNREACHABLE_CODE = YES;
				CLANG_WARN__DUPLICATE_METHOD_MATCH = YES;
				COPY_PHASE_STRIP = NO;
				DEBUG_INFORMATION_FORMAT = dwarf;
				ENABLE_STRICT_OBJC_MSGSEND = YES;
				ENABLE_TESTABILITY = YES;
				GCC_C_LANGUAGE_STANDARD = gnu11;
				GCC_DYNAMIC_NO_PIC = NO;
				GCC_NO_COMMON_BLOCKS = YES;
				GCC_OPTIMIZATION_LEVEL = 0;
				GCC_PREPROCESSOR_DEFINITIONS = (
					"DEBUG=1",
					"$(inherited)",
				);
				GCC_WARN_64_TO_32_BIT_CONVERSION = YES;
				GCC_WARN_ABOUT_RETURN_TYPE = YES_ERROR;
				GCC_WARN_UNDECLARED_SELECTOR = YES;
				GCC_WARN_UNINITIALIZED_AUTOS = YES_AGGRESSIVE;
				GCC_WARN_UNUSED_FUNCTION = YES;
				GCC_WARN_UNUSED_VARIABLE = YES;
				IPHONEOS_DEPLOYMENT_TARGET = 15.5;
				MTL_ENABLE_DEBUG_INFO = INCLUDE_SOURCE;
				MTL_FAST_MATH = YES;
				ONLY_ACTIVE_ARCH = YES;
				SDKROOT = iphoneos;
				SWIFT_ACTIVE_COMPILATION_CONDITIONS = DEBUG;
				SWIFT_OPTIMIZATION_LEVEL = "-Onone";
			};
			name = Debug;
		};
		BD46E0F1289824E900D04B12 /* Release */ = {
			isa = XCBuildConfiguration;
			buildSettings = {
				ALWAYS_SEARCH_USER_PATHS = NO;
				CLANG_ANALYZER_NONNULL = YES;
				CLANG_ANALYZER_NUMBER_OBJECT_CONVERSION = YES_AGGRESSIVE;
				CLANG_CXX_LANGUAGE_STANDARD = "gnu++17";
				CLANG_ENABLE_MODULES = YES;
				CLANG_ENABLE_OBJC_ARC = YES;
				CLANG_ENABLE_OBJC_WEAK = YES;
				CLANG_WARN_BLOCK_CAPTURE_AUTORELEASING = YES;
				CLANG_WARN_BOOL_CONVERSION = YES;
				CLANG_WARN_COMMA = YES;
				CLANG_WARN_CONSTANT_CONVERSION = YES;
				CLANG_WARN_DEPRECATED_OBJC_IMPLEMENTATIONS = YES;
				CLANG_WARN_DIRECT_OBJC_ISA_USAGE = YES_ERROR;
				CLANG_WARN_DOCUMENTATION_COMMENTS = YES;
				CLANG_WARN_EMPTY_BODY = YES;
				CLANG_WARN_ENUM_CONVERSION = YES;
				CLANG_WARN_INFINITE_RECURSION = YES;
				CLANG_WARN_INT_CONVERSION = YES;
				CLANG_WARN_NON_LITERAL_NULL_CONVERSION = YES;
				CLANG_WARN_OBJC_IMPLICIT_RETAIN_SELF = YES;
				CLANG_WARN_OBJC_LITERAL_CONVERSION = YES;
				CLANG_WARN_OBJC_ROOT_CLASS = YES_ERROR;
				CLANG_WARN_QUOTED_INCLUDE_IN_FRAMEWORK_HEADER = YES;
				CLANG_WARN_RANGE_LOOP_ANALYSIS = YES;
				CLANG_WARN_STRICT_PROTOTYPES = YES;
				CLANG_WARN_SUSPICIOUS_MOVE = YES;
				CLANG_WARN_UNGUARDED_AVAILABILITY = YES_AGGRESSIVE;
				CLANG_WARN_UNREACHABLE_CODE = YES;
				CLANG_WARN__DUPLICATE_METHOD_MATCH = YES;
				COPY_PHASE_STRIP = NO;
				DEBUG_INFORMATION_FORMAT = "dwarf-with-dsym";
				ENABLE_NS_ASSERTIONS = NO;
				ENABLE_STRICT_OBJC_MSGSEND = YES;
				GCC_C_LANGUAGE_STANDARD = gnu11;
				GCC_NO_COMMON_BLOCKS = YES;
				GCC_WARN_64_TO_32_BIT_CONVERSION = YES;
				GCC_WARN_ABOUT_RETURN_TYPE = YES_ERROR;
				GCC_WARN_UNDECLARED_SELECTOR = YES;
				GCC_WARN_UNINITIALIZED_AUTOS = YES_AGGRESSIVE;
				GCC_WARN_UNUSED_FUNCTION = YES;
				GCC_WARN_UNUSED_VARIABLE = YES;
				IPHONEOS_DEPLOYMENT_TARGET = 15.5;
				MTL_ENABLE_DEBUG_INFO = NO;
				MTL_FAST_MATH = YES;
				SDKROOT = iphoneos;
				SWIFT_COMPILATION_MODE = wholemodule;
				SWIFT_OPTIMIZATION_LEVEL = "-O";
				VALIDATE_PRODUCT = YES;
			};
			name = Release;
		};
		BD46E0F3289824E900D04B12 /* Debug */ = {
			isa = XCBuildConfiguration;
			buildSettings = {
				ASSETCATALOG_COMPILER_APPICON_NAME = AppIcon;
				ASSETCATALOG_COMPILER_GLOBAL_ACCENT_COLOR_NAME = AccentColor;
				CODE_SIGN_STYLE = Automatic;
				CURRENT_PROJECT_VERSION = 1;
				GENERATE_INFOPLIST_FILE = YES;
				INFOPLIST_FILE = MissionEarth1/Info.plist;
				INFOPLIST_KEY_UIApplicationSupportsIndirectInputEvents = YES;
				INFOPLIST_KEY_UILaunchStoryboardName = LaunchScreen;
				INFOPLIST_KEY_UIMainStoryboardFile = Main;
				INFOPLIST_KEY_UISupportedInterfaceOrientations_iPad = "UIInterfaceOrientationPortrait UIInterfaceOrientationPortraitUpsideDown UIInterfaceOrientationLandscapeLeft UIInterfaceOrientationLandscapeRight";
				INFOPLIST_KEY_UISupportedInterfaceOrientations_iPhone = "UIInterfaceOrientationPortrait UIInterfaceOrientationLandscapeLeft UIInterfaceOrientationLandscapeRight";
				LD_RUNPATH_SEARCH_PATHS = (
					"$(inherited)",
					"@executable_path/Frameworks",
				);
				MARKETING_VERSION = 1.0;
				PRODUCT_BUNDLE_IDENTIFIER = kwk.MissionEarth1;
				PRODUCT_NAME = "$(TARGET_NAME)";
				SWIFT_EMIT_LOC_STRINGS = YES;
				SWIFT_VERSION = 5.0;
				TARGETED_DEVICE_FAMILY = "1,2";
			};
			name = Debug;
		};
		BD46E0F4289824E900D04B12 /* Release */ = {
			isa = XCBuildConfiguration;
			buildSettings = {
				ASSETCATALOG_COMPILER_APPICON_NAME = AppIcon;
				ASSETCATALOG_COMPILER_GLOBAL_ACCENT_COLOR_NAME = AccentColor;
				CODE_SIGN_STYLE = Automatic;
				CURRENT_PROJECT_VERSION = 1;
				GENERATE_INFOPLIST_FILE = YES;
				INFOPLIST_FILE = MissionEarth1/Info.plist;
				INFOPLIST_KEY_UIApplicationSupportsIndirectInputEvents = YES;
				INFOPLIST_KEY_UILaunchStoryboardName = LaunchScreen;
				INFOPLIST_KEY_UIMainStoryboardFile = Main;
				INFOPLIST_KEY_UISupportedInterfaceOrientations_iPad = "UIInterfaceOrientationPortrait UIInterfaceOrientationPortraitUpsideDown UIInterfaceOrientationLandscapeLeft UIInterfaceOrientationLandscapeRight";
				INFOPLIST_KEY_UISupportedInterfaceOrientations_iPhone = "UIInterfaceOrientationPortrait UIInterfaceOrientationLandscapeLeft UIInterfaceOrientationLandscapeRight";
				LD_RUNPATH_SEARCH_PATHS = (
					"$(inherited)",
					"@executable_path/Frameworks",
				);
				MARKETING_VERSION = 1.0;
				PRODUCT_BUNDLE_IDENTIFIER = kwk.MissionEarth1;
				PRODUCT_NAME = "$(TARGET_NAME)";
				SWIFT_EMIT_LOC_STRINGS = YES;
				SWIFT_VERSION = 5.0;
				TARGETED_DEVICE_FAMILY = "1,2";
			};
			name = Release;
		};
		BD46E0F6289824E900D04B12 /* Debug */ = {
			isa = XCBuildConfiguration;
			buildSettings = {
				ALWAYS_EMBED_SWIFT_STANDARD_LIBRARIES = YES;
				BUNDLE_LOADER = "$(TEST_HOST)";
				CODE_SIGN_STYLE = Automatic;
				CURRENT_PROJECT_VERSION = 1;
				GENERATE_INFOPLIST_FILE = YES;
				IPHONEOS_DEPLOYMENT_TARGET = 15.5;
				MARKETING_VERSION = 1.0;
				PRODUCT_BUNDLE_IDENTIFIER = kwk.MissionEarth1Tests;
				PRODUCT_NAME = "$(TARGET_NAME)";
				SWIFT_EMIT_LOC_STRINGS = NO;
				SWIFT_VERSION = 5.0;
				TARGETED_DEVICE_FAMILY = "1,2";
				TEST_HOST = "$(BUILT_PRODUCTS_DIR)/MissionEarth1.app/MissionEarth1";
			};
			name = Debug;
		};
		BD46E0F7289824E900D04B12 /* Release */ = {
			isa = XCBuildConfiguration;
			buildSettings = {
				ALWAYS_EMBED_SWIFT_STANDARD_LIBRARIES = YES;
				BUNDLE_LOADER = "$(TEST_HOST)";
				CODE_SIGN_STYLE = Automatic;
				CURRENT_PROJECT_VERSION = 1;
				GENERATE_INFOPLIST_FILE = YES;
				IPHONEOS_DEPLOYMENT_TARGET = 15.5;
				MARKETING_VERSION = 1.0;
				PRODUCT_BUNDLE_IDENTIFIER = kwk.MissionEarth1Tests;
				PRODUCT_NAME = "$(TARGET_NAME)";
				SWIFT_EMIT_LOC_STRINGS = NO;
				SWIFT_VERSION = 5.0;
				TARGETED_DEVICE_FAMILY = "1,2";
				TEST_HOST = "$(BUILT_PRODUCTS_DIR)/MissionEarth1.app/MissionEarth1";
			};
			name = Release;
		};
		BD46E0F9289824E900D04B12 /* Debug */ = {
			isa = XCBuildConfiguration;
			buildSettings = {
				ALWAYS_EMBED_SWIFT_STANDARD_LIBRARIES = YES;
				CODE_SIGN_STYLE = Automatic;
				CURRENT_PROJECT_VERSION = 1;
				GENERATE_INFOPLIST_FILE = YES;
				MARKETING_VERSION = 1.0;
				PRODUCT_BUNDLE_IDENTIFIER = kwk.MissionEarth1UITests;
				PRODUCT_NAME = "$(TARGET_NAME)";
				SWIFT_EMIT_LOC_STRINGS = NO;
				SWIFT_VERSION = 5.0;
				TARGETED_DEVICE_FAMILY = "1,2";
				TEST_TARGET_NAME = MissionEarth1;
			};
			name = Debug;
		};
		BD46E0FA289824E900D04B12 /* Release */ = {
			isa = XCBuildConfiguration;
			buildSettings = {
				ALWAYS_EMBED_SWIFT_STANDARD_LIBRARIES = YES;
				CODE_SIGN_STYLE = Automatic;
				CURRENT_PROJECT_VERSION = 1;
				GENERATE_INFOPLIST_FILE = YES;
				MARKETING_VERSION = 1.0;
				PRODUCT_BUNDLE_IDENTIFIER = kwk.MissionEarth1UITests;
				PRODUCT_NAME = "$(TARGET_NAME)";
				SWIFT_EMIT_LOC_STRINGS = NO;
				SWIFT_VERSION = 5.0;
				TARGETED_DEVICE_FAMILY = "1,2";
				TEST_TARGET_NAME = MissionEarth1;
			};
			name = Release;
		};
/* End XCBuildConfiguration section */

/* Begin XCConfigurationList section */
		BD46E0C0289824E500D04B12 /* Build configuration list for PBXProject "MissionEarth1" */ = {
			isa = XCConfigurationList;
			buildConfigurations = (
				BD46E0F0289824E900D04B12 /* Debug */,
				BD46E0F1289824E900D04B12 /* Release */,
			);
			defaultConfigurationIsVisible = 0;
			defaultConfigurationName = Release;
		};
		BD46E0F2289824E900D04B12 /* Build configuration list for PBXNativeTarget "MissionEarth1" */ = {
			isa = XCConfigurationList;
			buildConfigurations = (
				BD46E0F3289824E900D04B12 /* Debug */,
				BD46E0F4289824E900D04B12 /* Release */,
			);
			defaultConfigurationIsVisible = 0;
			defaultConfigurationName = Release;
		};
		BD46E0F5289824E900D04B12 /* Build configuration list for PBXNativeTarget "MissionEarth1Tests" */ = {
			isa = XCConfigurationList;
			buildConfigurations = (
				BD46E0F6289824E900D04B12 /* Debug */,
				BD46E0F7289824E900D04B12 /* Release */,
			);
			defaultConfigurationIsVisible = 0;
			defaultConfigurationName = Release;
		};
		BD46E0F8289824E900D04B12 /* Build configuration list for PBXNativeTarget "MissionEarth1UITests" */ = {
			isa = XCConfigurationList;
			buildConfigurations = (
				BD46E0F9289824E900D04B12 /* Debug */,
				BD46E0FA289824E900D04B12 /* Release */,
			);
			defaultConfigurationIsVisible = 0;
			defaultConfigurationName = Release;
		};
/* End XCConfigurationList section */

/* Begin XCVersionGroup section */
		BD46E0D1289824E500D04B12 /* MissionEarth1.xcdatamodeld */ = {
			isa = XCVersionGroup;
			children = (
				BD46E0D2289824E500D04B12 /* MissionEarth1.xcdatamodel */,
			);
			currentVersion = BD46E0D2289824E500D04B12 /* MissionEarth1.xcdatamodel */;
			path = MissionEarth1.xcdatamodeld;
			sourceTree = "<group>";
			versionGroupType = wrapper.xcdatamodel;
		};
/* End XCVersionGroup section */
	};
	rootObject = BD46E0BD289824E500D04B12 /* Project object */;
}
